
Microsoft Visual Studio Solution File, Format Version 12.00
# Visual Studio 15
VisualStudioVersion = 15.0.27428.2037
MinimumVisualStudioVersion = 10.0.40219.1
Project("{FAE04EC0-301F-11D3-BF4B-00C04F79EFBC}") = "Bookshelf", "Bookshelf\Bookshelf.csproj", "{94A5B630-1BEB-43A6-9A91-136DD507C7FC}"
EndProject
Global
	GlobalSection(SolutionConfigurationPlatforms) = preSolution
		Debug|Any CPU = Debug|Any CPU
		Release|Any CPU = Release|Any CPU
	EndGlobalSection
	GlobalSection(ProjectConfigurationPlatforms) = postSolution
		{94A5B630-1BEB-43A6-9A91-136DD507C7FC}.Debug|Any CPU.ActiveCfg = Debug|Any CPU
		{94A5B630-1BEB-43A6-9A91-136DD507C7FC}.Debug|Any CPU.Build.0 = Debug|Any CPU
		{94A5B630-1BEB-43A6-9A91-136DD507C7FC}.Release|Any CPU.ActiveCfg = Release|Any CPU
		{94A5B630-1BEB-43A6-9A91-136DD507C7FC}.Release|Any CPU.Build.0 = Release|Any CPU
	EndGlobalSection
	GlobalSection(SolutionProperties) = preSolution
		HideSolutionNode = FALSE
	EndGlobalSection
	GlobalSection(ExtensibilityGlobals) = postSolution
		SolutionGuid = {0ED7FB8C-F5F7-4873-A983-28E7765DF334}
	EndGlobalSection
EndGlobal
